{
  "lockfileVersion": 1,
  "configVersion": 1,
  "workspaces": {
    "": {
      "name": "quitto",
      "devDependencies": {
        "turbo": "latest",
        "typescript": "latest",
      },
    },
    "packages/shared": {
      "name": "@quitto/shared",
      "version": "0.0.0",
      "dependencies": {
        "zod": "latest",
      },
      "devDependencies": {
        "@biomejs/biome": "latest",
        "typescript": "latest",
      },
    },
  },
  "packages": {
    "@biomejs/biome": ["@biomejs/biome@2.4.16", "", { "optionalDependencies": { "@biomejs/cli-darwin-arm64": "2.4.16", "@biomejs/cli-darwin-x64": "2.4.16", "@biomejs/cli-linux-arm64": "2.4.16", "@biomejs/cli-linux-arm64-musl": "2.4.16", "@biomejs/cli-linux-x64": "2.4.16", "@biomejs/cli-linux-x64-musl": "2.4.16", "@biomejs/cli-win32-arm64": "2.4.16", "@biomejs/cli-win32-x64": "2.4.16" }, "bin": { "biome": "bin/biome" } }, "sha512-x9ajFh1zChVybCiM3TN6OD4phAqLgtPZjFrZF+aTMYCPjwBO+k529TX7PPsAqtGNLeV4UgzwQnowEgS7bGmzcA=="],

    "@biomejs/cli-darwin-arm64": ["@biomejs/cli-darwin-arm64@2.4.16", "", { "os": "darwin", "cpu": "arm64" }, "sha512-wxPvu4XOA85YJk9ixSWUmq/QBHbid85BISbOAqqBM/5xQpPk9ayjk5375tOlSC0BeCwNSbPFafQBm+vBumXq0A=="],

    "@biomejs/cli-darwin-x64": ["@biomejs/cli-darwin-x64@2.4.16", "", { "os": "darwin", "cpu": "x64" }, "sha512-xFCqGPwYusQJp4N4NJLi1XJiZqjwFdjhT+KqtNy+Ug3qgfczqnTa6MSDvxJF6TkuDLoYJItMapz6tAf7kCekFw=="],

    "@biomejs/cli-linux-arm64": ["@biomejs/cli-linux-arm64@2.4.16", "", { "os": "linux", "cpu": "arm64" }, "sha512-2kFb4//jxfZaP6D+Rj5VkHkxgyD9EoRAVBEQb8PKRv+s4NO2zYNJKXFaJmK1CmhufJOWEfpHKaRbOja7qjmdhQ=="],

    "@biomejs/cli-linux-arm64-musl": ["@biomejs/cli-linux-arm64-musl@2.4.16", "", { "os": "linux", "cpu": "arm64" }, "sha512-oYxnW0ARfJkr72ezzF2OR8N/rtkgLUQeYtF8cFhVswbknHxtTcmzSsanVJP8yQKnGpGpc2ck6c5zLvHahL6Cbg=="],

    "@biomejs/cli-linux-x64": ["@biomejs/cli-linux-x64@2.4.16", "", { "os": "linux", "cpu": "x64" }, "sha512-NbcBbi/nJqn5baae6wqRXdS7Gadf2uRpehSh6vMSYpG8OhkXl/Xg8aorWrJ+9VWqAT5ml90alLvorkpMW0nBwQ=="],

    "@biomejs/cli-linux-x64-musl": ["@biomejs/cli-linux-x64-musl@2.4.16", "", { "os": "linux", "cpu": "x64" }, "sha512-iHDS+MCM65DPqWGu+ECC3uoALyj2H7F4nVUPxIPjz/PIl94EUu+EDfGZDzFP+NY1EOPVt9NQvwFqq7HdMmowdg=="],

    "@biomejs/cli-win32-arm64": ["@biomejs/cli-win32-arm64@2.4.16", "", { "os": "win32", "cpu": "arm64" }, "sha512-0rgImMsNb5v/chhkIFe3wu7PEFClS6RBAYUijGL9UsYN3PanSaoK24HSSuSJb1pYbYYVjzAyZTl3gtjJ84BM8A=="],

    "@biomejs/cli-win32-x64": ["@biomejs/cli-win32-x64@2.4.16", "", { "os": "win32", "cpu": "x64" }, "sha512-Kp85jgoBHa05gix6UIRjfCDiUV3w/8VIdZ247VyyO2gEjaw12WEVhdIjlxp/AMzXxqxQwbxNTDVZ3Mwd2RG5rw=="],

    "@quitto/shared": ["@quitto/shared@workspace:packages/shared"],

    "@turbo/darwin-64": ["@turbo/darwin-64@2.9.17", "", { "os": "darwin", "cpu": "x64" }, "sha512-io5jn5RDeU+9YV78rWhwG++HD/OZ/Lxg1sg93+jDGKQNP3UDxY6RX2dmarbCILhNxNuAM8FH3WgGMY9E96Mf8w=="],

    "@turbo/darwin-arm64": ["@turbo/darwin-arm64@2.9.17", "", { "os": "darwin", "cpu": "arm64" }, "sha512-83YZTYmN2sxFWf2LTMOwqbOvR3qZMa/TSFwnB6BHVBbIWyoPPe+TAdSTd8KevEx8ml8KkycJ/9A70DFVReyUww=="],

    "@turbo/linux-64": ["@turbo/linux-64@2.9.17", "", { "os": "linux", "cpu": "x64" }, "sha512-teKfwJg0zSC+C2ZSOsX3VnAJGVgcN+pgKNmnGWzcpXQ9eIkAQtYP+getrQ2f1Tw/ePudnreQhq8tVP8S73Vy6Q=="],

    "@turbo/linux-arm64": ["@turbo/linux-arm64@2.9.17", "", { "os": "linux", "cpu": "arm64" }, "sha512-mqO36x2CNtJ9CCbEf5xOqH662tVSc1wB0mxh7dopBpgXg0fEifdzwX0IEAUW1WUAaNH986L7iEUUgw3HNqUWgg=="],

    "@turbo/windows-64": ["@turbo/windows-64@2.9.17", "", { "os": "win32", "cpu": "x64" }, "sha512-jbyoNePufyMoSSrvVr+/mglcjmya/MOgoIrSHPr67iZ1VFgrlMQXHXtptR2lR48gi+86b1XBvsviJZ9A7zrydg=="],

    "@turbo/windows-arm64": ["@turbo/windows-arm64@2.9.17", "", { "os": "win32", "cpu": "arm64" }, "sha512-+ql0wYc99Y2AMvyHCcC/P+xtyV4nz522L+C9HDnyi7ryHXBGM+ZjBP28M7SLBGMDImgpN8sk2szpgbvreMeXVA=="],

    "turbo": ["turbo@2.9.17", "", { "optionalDependencies": { "@turbo/darwin-64": "2.9.17", "@turbo/darwin-arm64": "2.9.17", "@turbo/linux-64": "2.9.17", "@turbo/linux-arm64": "2.9.17", "@turbo/windows-64": "2.9.17", "@turbo/windows-arm64": "2.9.17" }, "bin": { "turbo": "bin/turbo" } }, "sha512-91Q3KxfHJn7esFu2Ic6j9pkvQqWjncQCOp7r1gCKChRSb/+T/yIjsavAmbGLmFRKAzSjmWW/FMrcknmJ4hEOPA=="],

    "typescript": ["typescript@6.0.3", "", { "bin": { "tsc": "bin/tsc", "tsserver": "bin/tsserver" } }, "sha512-y2TvuxSZPDyQakkFRPZHKFm+KKVqIisdg9/CZwm9ftvKXLP8NRWj38/ODjNbr43SsoXqNuAisEf1GdCxqWcdBw=="],

    "zod": ["zod@4.4.3", "", {}, "sha512-ytENFjIJFl2UwYglde2jchW2Hwm4GJFLDiSXWdTrJQBIN9Fcyp7n4DhxJEiWNAJMV1/BqWfW/kkg71UDcHJyTQ=="],
  }
}
